
Microsoft Visual Studio Solution File, Format Version 12.00
# Visual Studio Version 17
VisualStudioVersion = 17.0.31903.59
MinimumVisualStudioVersion = 10.0.40219.1
Project("{FAE04EC0-301F-11D3-BF4B-00C04F79EFBC}") = "ChessUtilities.Library.Test", "ChessUtilities.Library.Test\ChessUtilities.Library.Test.csproj", "{E55C0AB8-0E49-4D25-A328-0B9D706B2FEB}"
EndProject
Project("{FAE04EC0-301F-11D3-BF4B-00C04F79EFBC}") = "PgnParser", "PgnParser\PgnParser.csproj", "{0A240A38-D745-45FD-9BB2-97F7081FAF76}"
EndProject
Project("{FAE04EC0-301F-11D3-BF4B-00C04F79EFBC}") = "ChessUtilities.Library", "ChessUtilities.Library\ChessUtilities.Library.csproj", "{7F705F31-D6DD-480E-BCEF-416F8FD99BBA}"
EndProject
Global
	GlobalSection(SolutionConfigurationPlatforms) = preSolution
		Debug|Any CPU = Debug|Any CPU
		Release|Any CPU = Release|Any CPU
	EndGlobalSection
	GlobalSection(ProjectConfigurationPlatforms) = postSolution
		{E55C0AB8-0E49-4D25-A328-0B9D706B2FEB}.Debug|Any CPU.ActiveCfg = Debug|Any CPU
		{E55C0AB8-0E49-4D25-A328-0B9D706B2FEB}.Debug|Any CPU.Build.0 = Debug|Any CPU
		{E55C0AB8-0E49-4D25-A328-0B9D706B2FEB}.Release|Any CPU.ActiveCfg = Release|Any CPU
		{E55C0AB8-0E49-4D25-A328-0B9D706B2FEB}.Release|Any CPU.Build.0 = Release|Any CPU
		{0A240A38-D745-45FD-9BB2-97F7081FAF76}.Debug|Any CPU.ActiveCfg = Debug|Any CPU
		{0A240A38-D745-45FD-9BB2-97F7081FAF76}.Debug|Any CPU.Build.0 = Debug|Any CPU
		{0A240A38-D745-45FD-9BB2-97F7081FAF76}.Release|Any CPU.ActiveCfg = Release|Any CPU
		{0A240A38-D745-45FD-9BB2-97F7081FAF76}.Release|Any CPU.Build.0 = Release|Any CPU
		{7F705F31-D6DD-480E-BCEF-416F8FD99BBA}.Debug|Any CPU.ActiveCfg = Debug|Any CPU
		{7F705F31-D6DD-480E-BCEF-416F8FD99BBA}.Debug|Any CPU.Build.0 = Debug|Any CPU
		{7F705F31-D6DD-480E-BCEF-416F8FD99BBA}.Release|Any CPU.ActiveCfg = Release|Any CPU
		{7F705F31-D6DD-480E-BCEF-416F8FD99BBA}.Release|Any CPU.Build.0 = Release|Any CPU
	EndGlobalSection
	GlobalSection(SolutionProperties) = preSolution
		HideSolutionNode = FALSE
	EndGlobalSection
EndGlobal
